// !$*UTF8*$!
{
	archiveVersion = 1;
	classes = {
	};
	objectVersion = 53;
	objects = {

/* Begin PBXBuildFile section */
		F66C4C4F266F2B6F00E0DD71 /* AppDelegate.swift in Sources */ = {isa = PBXBuildFile; fileRef = F66C4C4E266F2B6F00E0DD71 /* AppDelegate.swift */; };
		F66C4C51266F2B6F00E0DD71 /* SceneDelegate.swift in Sources */ = {isa = PBXBuildFile; fileRef = F66C4C50266F2B6F00E0DD71 /* SceneDelegate.swift */; };
		F66C4C53266F2B6F00E0DD71 /* ChecklistViewController.swift in Sources */ = {isa = PBXBuildFile; fileRef = F66C4C52266F2B6F00E0DD71 /* ChecklistViewController.swift */; };
		F66C4C56266F2B6F00E0DD71 /* Main.storyboard in Resources */ = {isa = PBXBuildFile; fileRef = F66C4C54266F2B6F00E0DD71 /* Main.storyboard */; };
		F66C4C58266F2B8500E0DD71 /* Assets.xcassets in Resources */ = {isa = PBXBuildFile; fileRef = F66C4C57266F2B8500E0DD71 /* Assets.xcassets */; };
		F66C4C5B266F2B8500E0DD71 /* LaunchScreen.storyboard in Resources */ = {isa = PBXBuildFile; fileRef = F66C4C59266F2B8500E0DD71 /* LaunchScreen.storyboard */; };
		F66C4C65266F304A00E0DD71 /* ChecklistItem.swift in Sources */ = {isa = PBXBuildFile; fileRef = F66C4C64266F304A00E0DD71 /* ChecklistItem.swift */; };
		F66C4C6B26801F6800E0DD71 /* AddItemViewController.swift in Sources */ = {isa = PBXBuildFile; fileRef = F66C4C6A26801F6800E0DD71 /* AddItemViewController.swift */; };
/* End PBXBuildFile section */

/* Begin PBXFileReference section */
		F66C4C4B266F2B6F00E0DD71 /* Checklists.app */ = {isa = PBXFileReference; explicitFileType = wrapper.application; includeInIndex = 0; path = Checklists.app; sourceTree = BUILT_PRODUCTS_DIR; };
		F66C4C4E266F2B6F00E0DD71 /* AppDelegate.swift */ = {isa = PBXFileReference; lastKnownFileType = sourcecode.swift; path = AppDelegate.swift; sourceTree = "<group>"; };
		F66C4C50266F2B6F00E0DD71 /* SceneDelegate.swift */ = {isa = PBXFileReference; lastKnownFileType = sourcecode.swift; path = SceneDelegate.swift; sourceTree = "<group>"; };
		F66C4C52266F2B6F00E0DD71 /* ChecklistViewController.swift */ = {isa = PBXFileReference; lastKnownFileType = sourcecode.swift; path = ChecklistViewController.swift; sourceTree = "<group>"; };
		F66C4C55266F2B6F00E0DD71 /* Base */ = {isa = PBXFileReference; lastKnownFileType = file.storyboard; name = Base; path = Base.lproj/Main.storyboard; sourceTree = "<group>"; };
		F66C4C57266F2B8500E0DD71 /* Assets.xcassets */ = {isa = PBXFileReference; lastKnownFileType = folder.assetcatalog; path = Assets.xcassets; sourceTree = "<group>"; };
		F66C4C5A266F2B8500E0DD71 /* Base */ = {isa = PBXFileReference; lastKnownFileType = file.storyboard; name = Base; path = Base.lproj/LaunchScreen.storyboard; sourceTree = "<group>"; };
		F66C4C5C266F2B8500E0DD71 /* Info.plist */ = {isa = PBXFileReference; lastKnownFileType = text.plist.xml; path = Info.plist; sourceTree = "<group>"; };
		F66C4C64266F304A00E0DD71 /* ChecklistItem.swift */ = {isa = PBXFileReference; lastKnownFileType = sourcecode.swift; path = ChecklistItem.swift; sourceTree = "<group>"; };
		F66C4C6A26801F6800E0DD71 /* AddItemViewController.swift */ = {isa = PBXFileReference; lastKnownFileType = sourcecode.swift; path = AddItemViewController.swift; sourceTree = "<group>"; };
/* End PBXFileReference section */

/* Begin PBXFrameworksBuildPhase section */
		F66C4C48266F2B6F00E0DD71 /* Frameworks */ = {
			isa = PBXFrameworksBuildPhase;
			buildActionMask = 2147483647;
			files = (
			);
			runOnlyForDeploymentPostprocessing = 0;
		};
/* End PBXFrameworksBuildPhase section */

/* Begin PBXGroup section */
		F66C4C42266F2B6F00E0DD71 = {
			isa = PBXGroup;
			children = (
				F66C4C4D266F2B6F00E0DD71 /* Checklists */,
				F66C4C4C266F2B6F00E0DD71 /* Products */,
			);
			sourceTree = "<group>";
		};
		F66C4C4C266F2B6F00E0DD71 /* Products */ = {
			isa = PBXGroup;
			children = (
				F66C4C4B266F2B6F00E0DD71 /* Checklists.app */,
			);
			name = Products;
			sourceTree = "<group>";
		};
		F66C4C4D266F2B6F00E0DD71 /* Checklists */ = {
			isa = PBXGroup;
			children = (
				F66C4C4E266F2B6F00E0DD71 /* AppDelegate.swift */,
				F66C4C50266F2B6F00E0DD71 /* SceneDelegate.swift */,
				F66C4C52266F2B6F00E0DD71 /* ChecklistViewController.swift */,
				F66C4C54266F2B6F00E0DD71 /* Main.storyboard */,
				F66C4C6A26801F6800E0DD71 /* AddItemViewController.swift */,
				F66C4C57266F2B8500E0DD71 /* Assets.xcassets */,
				F66C4C59266F2B8500E0DD71 /* LaunchScreen.storyboard */,
				F66C4C5C266F2B8500E0DD71 /* Info.plist */,
				F66C4C64266F304A00E0DD71 /* ChecklistItem.swift */,
			);
			path = Checklists;
			sourceTree = "<group>";
		};
/* End PBXGroup section */

/* Begin PBXNativeTarget section */
		F66C4C4A266F2B6F00E0DD71 /* Checklists */ = {
			isa = PBXNativeTarget;
			buildConfigurationList = F66C4C5F266F2B8500E0DD71 /* Build configuration list for PBXNativeTarget "Checklists" */;
			buildPhases = (
				F66C4C47266F2B6F00E0DD71 /* Sources */,
				F66C4C48266F2B6F00E0DD71 /* Frameworks */,
				F66C4C49266F2B6F00E0DD71 /* Resources */,
			);
			buildRules = (
			);
			dependencies = (
			);
			name = Checklists;
			productName = Checklists;
			productReference = F66C4C4B266F2B6F00E0DD71 /* Checklists.app */;
			productType = "com.apple.product-type.application";
		};
/* End PBXNativeTarget section */

/* Begin PBXProject section */
		F66C4C43266F2B6F00E0DD71 /* Project object */ = {
			isa = PBXProject;
			attributes = {
				LastSwiftUpdateCheck = 1240;
				LastUpgradeCheck = 1240;
				TargetAttributes = {
					F66C4C4A266F2B6F00E0DD71 = {
						CreatedOnToolsVersion = 12.4;
					};
				};
			};
			buildConfigurationList = F66C4C46266F2B6F00E0DD71 /* Build configuration list for PBXProject "Checklists" */;
			compatibilityVersion = "Xcode 11.4";
			developmentRegion = en;
			hasScannedForEncodings = 0;
			knownRegions = (
				en,
				Base,
			);
			mainGroup = F66C4C42266F2B6F00E0DD71;
			productRefGroup = F66C4C4C266F2B6F00E0DD71 /* Products */;
			projectDirPath = "";
			projectRoot = "";
			targets = (
				F66C4C4A266F2B6F00E0DD71 /* Checklists */,
			);
		};
/* End PBXProject section */

/* Begin PBXResourcesBuildPhase section */
		F66C4C49266F2B6F00E0DD71 /* Resources */ = {
			isa = PBXResourcesBuildPhase;
			buildActionMask = 2147483647;
			files = (
				F66C4C5B266F2B8500E0DD71 /* LaunchScreen.storyboard in Resources */,
				F66C4C58266F2B8500E0DD71 /* Assets.xcassets in Resources */,
				F66C4C56266F2B6F00E0DD71 /* Main.storyboard in Resources */,
			);
			runOnlyForDeploymentPostprocessing = 0;
		};
/* End PBXResourcesBuildPhase section */

/* Begin PBXSourcesBuildPhase section */
		F66C4C47266F2B6F00E0DD71 /* Sources */ = {
			isa = PBXSourcesBuildPhase;
			buildActionMask = 2147483647;
			files = (
				F66C4C53266F2B6F00E0DD71 /* ChecklistViewController.swift in Sources */,
				F66C4C4F266F2B6F00E0DD71 /* AppDelegate.swift in Sources */,
				F66C4C51266F2B6F00E0DD71 /* SceneDelegate.swift in Sources */,
				F66C4C6B26801F6800E0DD71 /* AddItemViewController.swift in Sources */,
				F66C4C65266F304A00E0DD71 /* ChecklistItem.swift in Sources */,
			);
			runOnlyForDeploymentPostprocessing = 0;
		};
/* End PBXSourcesBuildPhase section */

/* Begin PBXVariantGroup section */
		F66C4C54266F2B6F00E0DD71 /* Main.storyboard */ = {
			isa = PBXVariantGroup;
			children = (
				F66C4C55266F2B6F00E0DD71 /* Base */,
			);
			name = Main.storyboard;
			sourceTree = "<group>";
		};
		F66C4C59266F2B8500E0DD71 /* LaunchScreen.storyboard */ = {
			isa = PBXVariantGroup;
			children = (
				F66C4C5A266F2B8500E0DD71 /* Base */,
			);
			name = LaunchScreen.storyboard;
			sourceTree = "<group>";
		};
/* End PBXVariantGroup section */

/* Begin XCBuildConfiguration section */
		F66C4C5D266F2B8500E0DD71 /* Debug */ = {
			isa = XCBuildConfiguration;
			buildSettings = {
				ALWAYS_SEARCH_USER_PATHS = NO;
				CLANG_ANALYZER_NONNULL = YES;
				CLANG_ANALYZER_NUMBER_OBJECT_CONVERSION = YES_AGGRESSIVE;
				CLANG_CXX_LANGUAGE_STANDARD = "gnu++14";
				CLANG_CXX_LIBRARY = "libc++";
				CLANG_ENABLE_MODULES = YES;
				CLANG_ENABLE_OBJC_ARC = YES;
				CLANG_ENABLE_OBJC_WEAK = YES;
				CLANG_WARN_BLOCK_CAPTURE_AUTORELEASING = YES;
				CLANG_WARN_BOOL_CONVERSION = YES;
				CLANG_WARN_COMMA = YES;
				CLANG_WARN_CONSTANT_CONVERSION = YES;
				CLANG_WARN_DEPRECATED_OBJC_IMPLEMENTATIONS = YES;
				CLANG_WARN_DIRECT_OBJC_ISA_USAGE = YES_ERROR;
				CLANG_WARN_DOCUMENTATION_COMMENTS = YES;
				CLANG_WARN_EMPTY_BODY = YES;
				CLANG_WARN_ENUM_CONVERSION = YES;
				CLANG_WARN_INFINITE_RECURSION = YES;
				CLANG_WARN_INT_CONVERSION = YES;
				CLANG_WARN_NON_LITERAL_NULL_CONVERSION = YES;
				CLANG_WARN_OBJC_IMPLICIT_RETAIN_SELF = YES;
				CLANG_WARN_OBJC_LITERAL_CONVERSION = YES;
				CLANG_WARN_OBJC_ROOT_CLASS = YES_ERROR;
				CLANG_WARN_QUOTED_INCLUDE_IN_FRAMEWORK_HEADER = YES;
				CLANG_WARN_RANGE_LOOP_ANALYSIS = YES;
				CLANG_WARN_STRICT_PROTOTYPES = YES;
				CLANG_WARN_SUSPICIOUS_MOVE = YES;
				CLANG_WARN_UNGUARDED_AVAILABILITY = YES_AGGRESSIVE;
				CLANG_WARN_UNREACHABLE_CODE = YES;
				CLANG_WARN__DUPLICATE_METHOD_MATCH = YES;
				COPY_PHASE_STRIP = NO;
				DEBUG_INFORMATION_FORMAT = dwarf;
				ENABLE_STRICT_OBJC_MSGSEND = YES;
				ENABLE_TESTABILITY = YES;
				GCC_C_LANGUAGE_STANDARD = gnu11;
				GCC_DYNAMIC_NO_PIC = NO;
				GCC_NO_COMMON_BLOCKS = YES;
				GCC_OPTIMIZATION_LEVEL = 0;
				GCC_PREPROCESSOR_DEFINITIONS = (
					"DEBUG=1",
					"$(inherited)",
				);
				GCC_WARN_64_TO_32_BIT_CONVERSION = YES;
				GCC_WARN_ABOUT_RETURN_TYPE = YES_ERROR;
				GCC_WARN_UNDECLARED_SELECTOR = YES;
				GCC_WARN_UNINITIALIZED_AUTOS = YES_AGGRESSIVE;
				GCC_WARN_UNUSED_FUNCTION = YES;
				GCC_WARN_UNUSED_VARIABLE = YES;
				IPHONEOS_DEPLOYMENT_TARGET = 14.4;
				MTL_ENABLE_DEBUG_INFO = INCLUDE_SOURCE;
				MTL_FAST_MATH = YES;
				ONLY_ACTIVE_ARCH = YES;
				SDKROOT = iphoneos;
				SWIFT_ACTIVE_COMPILATION_CONDITIONS = DEBUG;
				SWIFT_OPTIMIZATION_LEVEL = "-Onone";
			};
			name = Debug;
		};
		F66C4C5E266F2B8500E0DD71 /* Release */ = {
			isa = XCBuildConfiguration;
			buildSettings = {
				ALWAYS_SEARCH_USER_PATHS = NO;
				CLANG_ANALYZER_NONNULL = YES;
				CLANG_ANALYZER_NUMBER_OBJECT_CONVERSION = YES_AGGRESSIVE;
				CLANG_CXX_LANGUAGE_STANDARD = "gnu++14";
				CLANG_CXX_LIBRARY = "libc++";
				CLANG_ENABLE_MODULES = YES;
				CLANG_ENABLE_OBJC_ARC = YES;
				CLANG_ENABLE_OBJC_WEAK = YES;
				CLANG_WARN_BLOCK_CAPTURE_AUTORELEASING = YES;
				CLANG_WARN_BOOL_CONVERSION = YES;
				CLANG_WARN_COMMA = YES;
				CLANG_WARN_CONSTANT_CONVERSION = YES;
				CLANG_WARN_DEPRECATED_OBJC_IMPLEMENTATIONS = YES;
				CLANG_WARN_DIRECT_OBJC_ISA_USAGE = YES_ERROR;
				CLANG_WARN_DOCUMENTATION_COMMENTS = YES;
				CLANG_WARN_EMPTY_BODY = YES;
				CLANG_WARN_ENUM_CONVERSION = YES;
				CLANG_WARN_INFINITE_RECURSION = YES;
				CLANG_WARN_INT_CONVERSION = YES;
				CLANG_WARN_NON_LITERAL_NULL_CONVERSION = YES;
				CLANG_WARN_OBJC_IMPLICIT_RETAIN_SELF = YES;
				CLANG_WARN_OBJC_LITERAL_CONVERSION = YES;
				CLANG_WARN_OBJC_ROOT_CLASS = YES_ERROR;
				CLANG_WARN_QUOTED_INCLUDE_IN_FRAMEWORK_HEADER = YES;
				CLANG_WARN_RANGE_LOOP_ANALYSIS = YES;
				CLANG_WARN_STRICT_PROTOTYPES = YES;
				CLANG_WARN_SUSPICIOUS_MOVE = YES;
				CLANG_WARN_UNGUARDED_AVAILABILITY = YES_AGGRESSIVE;
				CLANG_WARN_UNREACHABLE_CODE = YES;
				CLANG_WARN__DUPLICATE_METHOD_MATCH = YES;
				COPY_PHASE_STRIP = NO;
				DEBUG_INFORMATION_FORMAT = "dwarf-with-dsym";
				ENABLE_NS_ASSERTIONS = NO;
				ENABLE_STRICT_OBJC_MSGSEND = YES;
				GCC_C_LANGUAGE_STANDARD = gnu11;
				GCC_NO_COMMON_BLOCKS = YES;
				GCC_WARN_64_TO_32_BIT_CONVERSION = YES;
				GCC_WARN_ABOUT_RETURN_TYPE = YES_ERROR;
				GCC_WARN_UNDECLARED_SELECTOR = YES;
				GCC_WARN_UNINITIALIZED_AUTOS = YES_AGGRESSIVE;
				GCC_WARN_UNUSED_FUNCTION = YES;
				GCC_WARN_UNUSED_VARIABLE = YES;
				IPHONEOS_DEPLOYMENT_TARGET = 14.4;
				MTL_ENABLE_DEBUG_INFO = NO;
				MTL_FAST_MATH = YES;
				SDKROOT = iphoneos;
				SWIFT_COMPILATION_MODE = wholemodule;
				SWIFT_OPTIMIZATION_LEVEL = "-O";
				VALIDATE_PRODUCT = YES;
			};
			name = Release;
		};
		F66C4C60266F2B8500E0DD71 /* Debug */ = {
			isa = XCBuildConfiguration;
			buildSettings = {
				ASSETCATALOG_COMPILER_APPICON_NAME = AppIcon;
				ASSETCATALOG_COMPILER_GLOBAL_ACCENT_COLOR_NAME = AccentColor;
				CODE_SIGN_STYLE = Automatic;
				DEVELOPMENT_TEAM = 3Y3Z2Z567H;
				INFOPLIST_FILE = Checklists/Info.plist;
				LD_RUNPATH_SEARCH_PATHS = (
					"$(inherited)",
					"@executable_path/Frameworks",
				);
				PRODUCT_BUNDLE_IDENTIFIER = "sujin98-u.sogang.ac.kr.20171640.Checklists";
				PRODUCT_NAME = "$(TARGET_NAME)";
				SWIFT_VERSION = 5.0;
				TARGETED_DEVICE_FAMILY = "1,2";
			};
			name = Debug;
		};
		F66C4C61266F2B8500E0DD71 /* Release */ = {
			isa = XCBuildConfiguration;
			buildSettings = {
				ASSETCATALOG_COMPILER_APPICON_NAME = AppIcon;
				ASSETCATALOG_COMPILER_GLOBAL_ACCENT_COLOR_NAME = AccentColor;
				CODE_SIGN_STYLE = Automatic;
				DEVELOPMENT_TEAM = 3Y3Z2Z567H;
				INFOPLIST_FILE = Checklists/Info.plist;
				LD_RUNPATH_SEARCH_PATHS = (
					"$(inherited)",
					"@executable_path/Frameworks",
				);
				PRODUCT_BUNDLE_IDENTIFIER = "sujin98-u.sogang.ac.kr.20171640.Checklists";
				PRODUCT_NAME = "$(TARGET_NAME)";
				SWIFT_VERSION = 5.0;
				TARGETED_DEVICE_FAMILY = "1,2";
			};
			name = Release;
		};
/* End XCBuildConfiguration section */

/* Begin XCConfigurationList section */
		F66C4C46266F2B6F00E0DD71 /* Build configuration list for PBXProject "Checklists" */ = {
			isa = XCConfigurationList;
			buildConfigurations = (
				F66C4C5D266F2B8500E0DD71 /* Debug */,
				F66C4C5E266F2B8500E0DD71 /* Release */,
			);
			defaultConfigurationIsVisible = 0;
			defaultConfigurationName = Release;
		};
		F66C4C5F266F2B8500E0DD71 /* Build configuration list for PBXNativeTarget "Checklists" */ = {
			isa = XCConfigurationList;
			buildConfigurations = (
				F66C4C60266F2B8500E0DD71 /* Debug */,
				F66C4C61266F2B8500E0DD71 /* Release */,
			);
			defaultConfigurationIsVisible = 0;
			defaultConfigurationName = Release;
		};
/* End XCConfigurationList section */
	};
	rootObject = F66C4C43266F2B6F00E0DD71 /* Project object */;
}
